
Microsoft Visual Studio Solution File, Format Version 12.00
# Visual Studio Version 17
VisualStudioVersion = 17.11.35327.3
MinimumVisualStudioVersion = 10.0.40219.1
Project("{FAE04EC0-301F-11D3-BF4B-00C04F79EFBC}") = "Githubsampleproj", "Githubsampleproj\Githubsampleproj.csproj", "{FC5D6C50-66B9-4B15-A8CD-6A2983037BCD}"
EndProject
Global
	GlobalSection(SolutionConfigurationPlatforms) = preSolution
		Debug|Any CPU = Debug|Any CPU
		Release|Any CPU = Release|Any CPU
	EndGlobalSection
	GlobalSection(ProjectConfigurationPlatforms) = postSolution
		{FC5D6C50-66B9-4B15-A8CD-6A2983037BCD}.Debug|Any CPU.ActiveCfg = Debug|Any CPU
		{FC5D6C50-66B9-4B15-A8CD-6A2983037BCD}.Debug|Any CPU.Build.0 = Debug|Any CPU
		{FC5D6C50-66B9-4B15-A8CD-6A2983037BCD}.Release|Any CPU.ActiveCfg = Release|Any CPU
		{FC5D6C50-66B9-4B15-A8CD-6A2983037BCD}.Release|Any CPU.Build.0 = Release|Any CPU
	EndGlobalSection
	GlobalSection(SolutionProperties) = preSolution
		HideSolutionNode = FALSE
	EndGlobalSection
	GlobalSection(ExtensibilityGlobals) = postSolution
		SolutionGuid = {327B42F8-7C8A-43D5-81D0-651F26481023}
	EndGlobalSection
EndGlobal
